// !$*UTF8*$!
{
	archiveVersion = 1;
	classes = {
	};
	objectVersion = 56;
	objects = {

/* Begin PBXBuildFile section */
		D51BF90E2C935F27008690D0 /* PosterBackView.swift in Sources */ = {isa = PBXBuildFile; fileRef = D51BF90D2C935F27008690D0 /* PosterBackView.swift */; };
		D51BF9112C936C94008690D0 /* SwiftUITrackableScrollView in Frameworks */ = {isa = PBXBuildFile; productRef = D51BF9102C936C94008690D0 /* SwiftUITrackableScrollView */; };
		D51F796F2CDBCC1A008991BE /* SwiftUIIntrospect in Frameworks */ = {isa = PBXBuildFile; productRef = D51F796E2CDBCC1A008991BE /* SwiftUIIntrospect */; };
		D51FA58E2BCCC6D40063BBDA /* LandingPageScreen.swift in Sources */ = {isa = PBXBuildFile; fileRef = D51FA58D2BCCC6D40063BBDA /* LandingPageScreen.swift */; };
		D51FA5912BD185DA0063BBDA /* SocialScreen.swift in Sources */ = {isa = PBXBuildFile; fileRef = D51FA5902BD185DA0063BBDA /* SocialScreen.swift */; };
		D51FD3312D0DED4500859D03 /* ReviewModalView.swift in Sources */ = {isa = PBXBuildFile; fileRef = D51FD3302D0DED4500859D03 /* ReviewModalView.swift */; };
		D51FF6E72A95B352007A3EA5 /* SearchViewModel.swift in Sources */ = {isa = PBXBuildFile; fileRef = D51FF6E62A95B352007A3EA5 /* SearchViewModel.swift */; };
		D52CEBB72D2D854E006E4120 /* UIImage+Extensions.swift in Sources */ = {isa = PBXBuildFile; fileRef = D52CEBB62D2D854E006E4120 /* UIImage+Extensions.swift */; };
		D52CEBBB2D307DF0006E4120 /* CollectionsView.swift in Sources */ = {isa = PBXBuildFile; fileRef = D52CEBBA2D307DF0006E4120 /* CollectionsView.swift */; };
		D52FD4F72B1D70E100386841 /* ImageLoader.swift in Sources */ = {isa = PBXBuildFile; fileRef = D52FD4F62B1D70E100386841 /* ImageLoader.swift */; };
		D531F2C92D657244005B25D2 /* CollectionDetailView.swift in Sources */ = {isa = PBXBuildFile; fileRef = D531F2C82D657244005B25D2 /* CollectionDetailView.swift */; };
		D531F2CB2D68E094005B25D2 /* BackgroundColorView.swift in Sources */ = {isa = PBXBuildFile; fileRef = D531F2CA2D68E094005B25D2 /* BackgroundColorView.swift */; };
		D531F2CD2D6A3303005B25D2 /* FlippablePosterView.swift in Sources */ = {isa = PBXBuildFile; fileRef = D531F2CC2D6A3303005B25D2 /* FlippablePosterView.swift */; };
		D531F2CF2D6EB18B005B25D2 /* SeasonPosterView.swift in Sources */ = {isa = PBXBuildFile; fileRef = D531F2CE2D6EB18B005B25D2 /* SeasonPosterView.swift */; };
		D536B3D02B40CBAC001AB783 /* FilmContainer.xcdatamodeld in Sources */ = {isa = PBXBuildFile; fileRef = D536B3CE2B40CBAC001AB783 /* FilmContainer.xcdatamodeld */; };
		D536B3D42B4312F9001AB783 /* Movie.swift in Sources */ = {isa = PBXBuildFile; fileRef = D536B3D32B4312F9001AB783 /* Movie.swift */; };
		D536B3D62B431619001AB783 /* MovieProvider.swift in Sources */ = {isa = PBXBuildFile; fileRef = D536B3D52B431619001AB783 /* MovieProvider.swift */; };
		D54761122CBC82350047D6C9 /* MovieColors.swift in Sources */ = {isa = PBXBuildFile; fileRef = D54761112CBC82350047D6C9 /* MovieColors.swift */; };
		D557D2BE2D0B8E1F0036B904 /* ThumbnailView.swift in Sources */ = {isa = PBXBuildFile; fileRef = D557D2BD2D0B8E1F0036B904 /* ThumbnailView.swift */; };
		D56CC2632B353BF700A14266 /* EndpointProviding.swift in Sources */ = {isa = PBXBuildFile; fileRef = D56CC2622B353BF700A14266 /* EndpointProviding.swift */; };
		D56CC2652B353D8500A14266 /* SearchEndpoint.swift in Sources */ = {isa = PBXBuildFile; fileRef = D56CC2642B353D8500A14266 /* SearchEndpoint.swift */; };
		D5A8B5B72BA3952600369737 /* ActorResponse.swift in Sources */ = {isa = PBXBuildFile; fileRef = D5A8B5B62BA3952600369737 /* ActorResponse.swift */; };
		D5A8B5B92BA3982C00369737 /* MovieResponse.swift in Sources */ = {isa = PBXBuildFile; fileRef = D5A8B5B82BA3982C00369737 /* MovieResponse.swift */; };
		D5A8B5BB2BA3989C00369737 /* TVShowResponse.swift in Sources */ = {isa = PBXBuildFile; fileRef = D5A8B5BA2BA3989C00369737 /* TVShowResponse.swift */; };
		D5BB89FE2D24B0980052058D /* ActionView.swift in Sources */ = {isa = PBXBuildFile; fileRef = D5BB89FD2D24B0980052058D /* ActionView.swift */; };
		D5BB8A022D278D220052058D /* StatusViewV2.swift in Sources */ = {isa = PBXBuildFile; fileRef = D5BB8A012D278D220052058D /* StatusViewV2.swift */; };
		D5BB8A042D2792E70052058D /* ButtonsContainerView.swift in Sources */ = {isa = PBXBuildFile; fileRef = D5BB8A032D2792E70052058D /* ButtonsContainerView.swift */; };
		D5BD0F192CAC4AC40030B684 /* FilmDetailView.swift in Sources */ = {isa = PBXBuildFile; fileRef = D5BD0F182CAC4AC40030B684 /* FilmDetailView.swift */; };
		D5C811322B9528E4005E206C /* MarqueeLightFrameView.swift in Sources */ = {isa = PBXBuildFile; fileRef = D5C811312B9528E4005E206C /* MarqueeLightFrameView.swift */; };
		D5D06ED32B70231B00548157 /* RecommendedEndpoint.swift in Sources */ = {isa = PBXBuildFile; fileRef = D5D06ED22B70231B00548157 /* RecommendedEndpoint.swift */; };
		D5D06ED72B702E4200548157 /* LoadingState.swift in Sources */ = {isa = PBXBuildFile; fileRef = D5D06ED62B702E4200548157 /* LoadingState.swift */; };
		D5D06EDB2B748BC500548157 /* CastEndpoint.swift in Sources */ = {isa = PBXBuildFile; fileRef = D5D06EDA2B748BC500548157 /* CastEndpoint.swift */; };
		D5D06EDD2B75D8D300548157 /* AdditionalDetailsMovie.swift in Sources */ = {isa = PBXBuildFile; fileRef = D5D06EDC2B75D8D300548157 /* AdditionalDetailsMovie.swift */; };
		D5D06EDF2B75E11C00548157 /* DetailsEndpoint.swift in Sources */ = {isa = PBXBuildFile; fileRef = D5D06EDE2B75E11C00548157 /* DetailsEndpoint.swift */; };
		D5D7B6262AA68CF700BA6619 /* TabBar.swift in Sources */ = {isa = PBXBuildFile; fileRef = D5D7B6252AA68CF700BA6619 /* TabBar.swift */; };
		D5D7B62A2AA6931100BA6619 /* LeetCode.swift in Sources */ = {isa = PBXBuildFile; fileRef = D5D7B6292AA6931100BA6619 /* LeetCode.swift */; };
		D5D7B62F2AA69D8000BA6619 /* APIError.swift in Sources */ = {isa = PBXBuildFile; fileRef = D5D7B62E2AA69D8000BA6619 /* APIError.swift */; };
		D5DBECE72BA22BE9006004D5 /* CustomSearchBar.swift in Sources */ = {isa = PBXBuildFile; fileRef = D5DBECE62BA22BE9006004D5 /* CustomSearchBar.swift */; };
		D5DDF4B12B58C234003EE010 /* APIKey.swift in Sources */ = {isa = PBXBuildFile; fileRef = D5DDF4B02B58C234003EE010 /* APIKey.swift */; };
		D5DDF4B32B58D35F003EE010 /* DetailViewRepresentable.swift in Sources */ = {isa = PBXBuildFile; fileRef = D5DDF4B22B58D35F003EE010 /* DetailViewRepresentable.swift */; };
		D5E6920F2B37F47900466A34 /* SearchResponse.swift in Sources */ = {isa = PBXBuildFile; fileRef = D5E6920E2B37F47900466A34 /* SearchResponse.swift */; };
		D5E692112B3B63E800466A34 /* PosterEndpoint.swift in Sources */ = {isa = PBXBuildFile; fileRef = D5E692102B3B63E800466A34 /* PosterEndpoint.swift */; };
		D5E71AE62BD445F00034D46B /* AsyncButton.swift in Sources */ = {isa = PBXBuildFile; fileRef = D5E71AE52BD445F00034D46B /* AsyncButton.swift */; };
		D5E71AE82BD449130034D46B /* LoginEndpoint.swift in Sources */ = {isa = PBXBuildFile; fileRef = D5E71AE72BD449130034D46B /* LoginEndpoint.swift */; };
		D5E71AEE2BE09BCB0034D46B /* CreateAccountScreen.swift in Sources */ = {isa = PBXBuildFile; fileRef = D5E71AED2BE09BCB0034D46B /* CreateAccountScreen.swift */; };
		D5E71AF02BE09BD60034D46B /* LogInScreen.swift in Sources */ = {isa = PBXBuildFile; fileRef = D5E71AEF2BE09BD60034D46B /* LogInScreen.swift */; };
		D5EF68222C322C4A009A8435 /* LibraryScreen.swift in Sources */ = {isa = PBXBuildFile; fileRef = D5EF68212C322C4A009A8435 /* LibraryScreen.swift */; };
		D5EF68262C42EA7C009A8435 /* ExploreView.swift in Sources */ = {isa = PBXBuildFile; fileRef = D5EF68252C42EA7C009A8435 /* ExploreView.swift */; };
		D5EF68282C44C614009A8435 /* TrendingEndpoint.swift in Sources */ = {isa = PBXBuildFile; fileRef = D5EF68272C44C614009A8435 /* TrendingEndpoint.swift */; };
		D5EF682A2C44D08E009A8435 /* UpcomingEndpoint.swift in Sources */ = {isa = PBXBuildFile; fileRef = D5EF68292C44D08E009A8435 /* UpcomingEndpoint.swift */; };
		D5EF682E2C44DA0A009A8435 /* UpcomingResponse.swift in Sources */ = {isa = PBXBuildFile; fileRef = D5EF682D2C44DA0A009A8435 /* UpcomingResponse.swift */; };
		D5EF68322C4760C4009A8435 /* FilmRow.swift in Sources */ = {isa = PBXBuildFile; fileRef = D5EF68312C4760C4009A8435 /* FilmRow.swift */; };
		D5F18D202BB0E6AB0067F719 /* AdditionalDetailsTVShow.swift in Sources */ = {isa = PBXBuildFile; fileRef = D5F18D1F2BB0E6AB0067F719 /* AdditionalDetailsTVShow.swift */; };
		D5F9AB812A888AA900C076CD /* MovieNightApp.swift in Sources */ = {isa = PBXBuildFile; fileRef = D5F9AB802A888AA900C076CD /* MovieNightApp.swift */; };
		D5F9AB832A888AA900C076CD /* SearchScreen.swift in Sources */ = {isa = PBXBuildFile; fileRef = D5F9AB822A888AA900C076CD /* SearchScreen.swift */; };
		D5F9AB852A888AAA00C076CD /* Assets.xcassets in Resources */ = {isa = PBXBuildFile; fileRef = D5F9AB842A888AAA00C076CD /* Assets.xcassets */; };
		D5F9AB882A888AAA00C076CD /* Preview Assets.xcassets in Resources */ = {isa = PBXBuildFile; fileRef = D5F9AB872A888AAA00C076CD /* Preview Assets.xcassets */; };
		D5F9AB972A888AAA00C076CD /* MovieNightTests.swift in Sources */ = {isa = PBXBuildFile; fileRef = D5F9AB962A888AAA00C076CD /* MovieNightTests.swift */; };
		D5F9ABA12A888AAA00C076CD /* MovieNightUITests.swift in Sources */ = {isa = PBXBuildFile; fileRef = D5F9ABA02A888AAA00C076CD /* MovieNightUITests.swift */; };
		D5F9ABA32A888AAA00C076CD /* MovieNightUITestsLaunchTests.swift in Sources */ = {isa = PBXBuildFile; fileRef = D5F9ABA22A888AAA00C076CD /* MovieNightUITestsLaunchTests.swift */; };
		D5F9ABB02A888B2500C076CD /* NetworkManager.swift in Sources */ = {isa = PBXBuildFile; fileRef = D5F9ABAF2A888B2500C076CD /* NetworkManager.swift */; };
/* End PBXBuildFile section */

/* Begin PBXContainerItemProxy section */
		D5F9AB932A888AAA00C076CD /* PBXContainerItemProxy */ = {
			isa = PBXContainerItemProxy;
			containerPortal = D5F9AB752A888AA900C076CD /* Project object */;
			proxyType = 1;
			remoteGlobalIDString = D5F9AB7C2A888AA900C076CD;
			remoteInfo = MovieNight;
		};
		D5F9AB9D2A888AAA00C076CD /* PBXContainerItemProxy */ = {
			isa = PBXContainerItemProxy;
			containerPortal = D5F9AB752A888AA900C076CD /* Project object */;
			proxyType = 1;
			remoteGlobalIDString = D5F9AB7C2A888AA900C076CD;
			remoteInfo = MovieNight;
		};
/* End PBXContainerItemProxy section */

/* Begin PBXFileReference section */
		D51BF90D2C935F27008690D0 /* PosterBackView.swift */ = {isa = PBXFileReference; lastKnownFileType = sourcecode.swift; path = PosterBackView.swift; sourceTree = "<group>"; };
		D51FA58D2BCCC6D40063BBDA /* LandingPageScreen.swift */ = {isa = PBXFileReference; lastKnownFileType = sourcecode.swift; path = LandingPageScreen.swift; sourceTree = "<group>"; };
		D51FA5902BD185DA0063BBDA /* SocialScreen.swift */ = {isa = PBXFileReference; lastKnownFileType = sourcecode.swift; path = SocialScreen.swift; sourceTree = "<group>"; };
		D51FD3302D0DED4500859D03 /* ReviewModalView.swift */ = {isa = PBXFileReference; lastKnownFileType = sourcecode.swift; path = ReviewModalView.swift; sourceTree = "<group>"; };
		D51FF6E62A95B352007A3EA5 /* SearchViewModel.swift */ = {isa = PBXFileReference; lastKnownFileType = sourcecode.swift; path = SearchViewModel.swift; sourceTree = "<group>"; };
		D52CEBB62D2D854E006E4120 /* UIImage+Extensions.swift */ = {isa = PBXFileReference; lastKnownFileType = sourcecode.swift; path = "UIImage+Extensions.swift"; sourceTree = "<group>"; };
		D52CEBBA2D307DF0006E4120 /* CollectionsView.swift */ = {isa = PBXFileReference; lastKnownFileType = sourcecode.swift; path = CollectionsView.swift; sourceTree = "<group>"; };
		D52FD4F62B1D70E100386841 /* ImageLoader.swift */ = {isa = PBXFileReference; lastKnownFileType = sourcecode.swift; path = ImageLoader.swift; sourceTree = "<group>"; };
		D531F2C82D657244005B25D2 /* CollectionDetailView.swift */ = {isa = PBXFileReference; lastKnownFileType = sourcecode.swift; path = CollectionDetailView.swift; sourceTree = "<group>"; };
		D531F2CA2D68E094005B25D2 /* BackgroundColorView.swift */ = {isa = PBXFileReference; lastKnownFileType = sourcecode.swift; path = BackgroundColorView.swift; sourceTree = "<group>"; };
		D531F2CC2D6A3303005B25D2 /* FlippablePosterView.swift */ = {isa = PBXFileReference; lastKnownFileType = sourcecode.swift; path = FlippablePosterView.swift; sourceTree = "<group>"; };
		D531F2CE2D6EB18B005B25D2 /* SeasonPosterView.swift */ = {isa = PBXFileReference; lastKnownFileType = sourcecode.swift; path = SeasonPosterView.swift; sourceTree = "<group>"; };
		D536B3CF2B40CBAC001AB783 /* FilmContainer.xcdatamodel */ = {isa = PBXFileReference; lastKnownFileType = wrapper.xcdatamodel; path = FilmContainer.xcdatamodel; sourceTree = "<group>"; };
		D536B3D32B4312F9001AB783 /* Movie.swift */ = {isa = PBXFileReference; lastKnownFileType = sourcecode.swift; path = Movie.swift; sourceTree = "<group>"; };
		D536B3D52B431619001AB783 /* MovieProvider.swift */ = {isa = PBXFileReference; lastKnownFileType = sourcecode.swift; path = MovieProvider.swift; sourceTree = "<group>"; };
		D54761112CBC82350047D6C9 /* MovieColors.swift */ = {isa = PBXFileReference; lastKnownFileType = sourcecode.swift; path = MovieColors.swift; sourceTree = "<group>"; };
		D557D2BD2D0B8E1F0036B904 /* ThumbnailView.swift */ = {isa = PBXFileReference; lastKnownFileType = sourcecode.swift; path = ThumbnailView.swift; sourceTree = "<group>"; };
		D56CC2622B353BF700A14266 /* EndpointProviding.swift */ = {isa = PBXFileReference; lastKnownFileType = sourcecode.swift; path = EndpointProviding.swift; sourceTree = "<group>"; };
		D56CC2642B353D8500A14266 /* SearchEndpoint.swift */ = {isa = PBXFileReference; lastKnownFileType = sourcecode.swift; path = SearchEndpoint.swift; sourceTree = "<group>"; };
		D5A8B5B62BA3952600369737 /* ActorResponse.swift */ = {isa = PBXFileReference; lastKnownFileType = sourcecode.swift; path = ActorResponse.swift; sourceTree = "<group>"; };
		D5A8B5B82BA3982C00369737 /* MovieResponse.swift */ = {isa = PBXFileReference; lastKnownFileType = sourcecode.swift; path = MovieResponse.swift; sourceTree = "<group>"; };
		D5A8B5BA2BA3989C00369737 /* TVShowResponse.swift */ = {isa = PBXFileReference; lastKnownFileType = sourcecode.swift; path = TVShowResponse.swift; sourceTree = "<group>"; };
		D5BB89FD2D24B0980052058D /* ActionView.swift */ = {isa = PBXFileReference; lastKnownFileType = sourcecode.swift; path = ActionView.swift; sourceTree = "<group>"; };
		D5BB8A012D278D220052058D /* StatusViewV2.swift */ = {isa = PBXFileReference; lastKnownFileType = sourcecode.swift; path = StatusViewV2.swift; sourceTree = "<group>"; };
		D5BB8A032D2792E70052058D /* ButtonsContainerView.swift */ = {isa = PBXFileReference; lastKnownFileType = sourcecode.swift; path = ButtonsContainerView.swift; sourceTree = "<group>"; };
		D5BD0F182CAC4AC40030B684 /* FilmDetailView.swift */ = {isa = PBXFileReference; lastKnownFileType = sourcecode.swift; path = FilmDetailView.swift; sourceTree = "<group>"; };
		D5C811312B9528E4005E206C /* MarqueeLightFrameView.swift */ = {isa = PBXFileReference; lastKnownFileType = sourcecode.swift; path = MarqueeLightFrameView.swift; sourceTree = "<group>"; };
		D5D06ED22B70231B00548157 /* RecommendedEndpoint.swift */ = {isa = PBXFileReference; lastKnownFileType = sourcecode.swift; path = RecommendedEndpoint.swift; sourceTree = "<group>"; };
		D5D06ED62B702E4200548157 /* LoadingState.swift */ = {isa = PBXFileReference; lastKnownFileType = sourcecode.swift; path = LoadingState.swift; sourceTree = "<group>"; };
		D5D06EDA2B748BC500548157 /* CastEndpoint.swift */ = {isa = PBXFileReference; lastKnownFileType = sourcecode.swift; path = CastEndpoint.swift; sourceTree = "<group>"; };
		D5D06EDC2B75D8D300548157 /* AdditionalDetailsMovie.swift */ = {isa = PBXFileReference; lastKnownFileType = sourcecode.swift; path = AdditionalDetailsMovie.swift; sourceTree = "<group>"; };
		D5D06EDE2B75E11C00548157 /* DetailsEndpoint.swift */ = {isa = PBXFileReference; lastKnownFileType = sourcecode.swift; path = DetailsEndpoint.swift; sourceTree = "<group>"; };
		D5D7B6252AA68CF700BA6619 /* TabBar.swift */ = {isa = PBXFileReference; lastKnownFileType = sourcecode.swift; path = TabBar.swift; sourceTree = "<group>"; };
		D5D7B6292AA6931100BA6619 /* LeetCode.swift */ = {isa = PBXFileReference; lastKnownFileType = sourcecode.swift; path = LeetCode.swift; sourceTree = "<group>"; };
		D5D7B62E2AA69D8000BA6619 /* APIError.swift */ = {isa = PBXFileReference; lastKnownFileType = sourcecode.swift; path = APIError.swift; sourceTree = "<group>"; };
		D5DBECE62BA22BE9006004D5 /* CustomSearchBar.swift */ = {isa = PBXFileReference; lastKnownFileType = sourcecode.swift; path = CustomSearchBar.swift; sourceTree = "<group>"; };
		D5DDF4B02B58C234003EE010 /* APIKey.swift */ = {isa = PBXFileReference; lastKnownFileType = sourcecode.swift; path = APIKey.swift; sourceTree = "<group>"; };
		D5DDF4B22B58D35F003EE010 /* DetailViewRepresentable.swift */ = {isa = PBXFileReference; lastKnownFileType = sourcecode.swift; path = DetailViewRepresentable.swift; sourceTree = "<group>"; };
		D5E6920E2B37F47900466A34 /* SearchResponse.swift */ = {isa = PBXFileReference; lastKnownFileType = sourcecode.swift; path = SearchResponse.swift; sourceTree = "<group>"; };
		D5E692102B3B63E800466A34 /* PosterEndpoint.swift */ = {isa = PBXFileReference; lastKnownFileType = sourcecode.swift; path = PosterEndpoint.swift; sourceTree = "<group>"; };
		D5E71AE52BD445F00034D46B /* AsyncButton.swift */ = {isa = PBXFileReference; lastKnownFileType = sourcecode.swift; path = AsyncButton.swift; sourceTree = "<group>"; };
		D5E71AE72BD449130034D46B /* LoginEndpoint.swift */ = {isa = PBXFileReference; lastKnownFileType = sourcecode.swift; path = LoginEndpoint.swift; sourceTree = "<group>"; };
		D5E71AED2BE09BCB0034D46B /* CreateAccountScreen.swift */ = {isa = PBXFileReference; lastKnownFileType = sourcecode.swift; path = CreateAccountScreen.swift; sourceTree = "<group>"; };
		D5E71AEF2BE09BD60034D46B /* LogInScreen.swift */ = {isa = PBXFileReference; lastKnownFileType = sourcecode.swift; path = LogInScreen.swift; sourceTree = "<group>"; };
		D5EF68212C322C4A009A8435 /* LibraryScreen.swift */ = {isa = PBXFileReference; lastKnownFileType = sourcecode.swift; path = LibraryScreen.swift; sourceTree = "<group>"; };
		D5EF68252C42EA7C009A8435 /* ExploreView.swift */ = {isa = PBXFileReference; lastKnownFileType = sourcecode.swift; path = ExploreView.swift; sourceTree = "<group>"; };
		D5EF68272C44C614009A8435 /* TrendingEndpoint.swift */ = {isa = PBXFileReference; lastKnownFileType = sourcecode.swift; path = TrendingEndpoint.swift; sourceTree = "<group>"; };
		D5EF68292C44D08E009A8435 /* UpcomingEndpoint.swift */ = {isa = PBXFileReference; lastKnownFileType = sourcecode.swift; path = UpcomingEndpoint.swift; sourceTree = "<group>"; };
		D5EF682D2C44DA0A009A8435 /* UpcomingResponse.swift */ = {isa = PBXFileReference; lastKnownFileType = sourcecode.swift; path = UpcomingResponse.swift; sourceTree = "<group>"; };
		D5EF68312C4760C4009A8435 /* FilmRow.swift */ = {isa = PBXFileReference; lastKnownFileType = sourcecode.swift; path = FilmRow.swift; sourceTree = "<group>"; };
		D5F18D1F2BB0E6AB0067F719 /* AdditionalDetailsTVShow.swift */ = {isa = PBXFileReference; lastKnownFileType = sourcecode.swift; path = AdditionalDetailsTVShow.swift; sourceTree = "<group>"; };
		D5F9AB7D2A888AA900C076CD /* MovieNight.app */ = {isa = PBXFileReference; explicitFileType = wrapper.application; includeInIndex = 0; path = MovieNight.app; sourceTree = BUILT_PRODUCTS_DIR; };
		D5F9AB802A888AA900C076CD /* MovieNightApp.swift */ = {isa = PBXFileReference; lastKnownFileType = sourcecode.swift; path = MovieNightApp.swift; sourceTree = "<group>"; };
		D5F9AB822A888AA900C076CD /* SearchScreen.swift */ = {isa = PBXFileReference; lastKnownFileType = sourcecode.swift; path = SearchScreen.swift; sourceTree = "<group>"; };
		D5F9AB842A888AAA00C076CD /* Assets.xcassets */ = {isa = PBXFileReference; lastKnownFileType = folder.assetcatalog; path = Assets.xcassets; sourceTree = "<group>"; };
		D5F9AB872A888AAA00C076CD /* Preview Assets.xcassets */ = {isa = PBXFileReference; lastKnownFileType = folder.assetcatalog; path = "Preview Assets.xcassets"; sourceTree = "<group>"; };
		D5F9AB922A888AAA00C076CD /* MovieNightTests.xctest */ = {isa = PBXFileReference; explicitFileType = wrapper.cfbundle; includeInIndex = 0; path = MovieNightTests.xctest; sourceTree = BUILT_PRODUCTS_DIR; };
		D5F9AB962A888AAA00C076CD /* MovieNightTests.swift */ = {isa = PBXFileReference; lastKnownFileType = sourcecode.swift; path = MovieNightTests.swift; sourceTree = "<group>"; };
		D5F9AB9C2A888AAA00C076CD /* MovieNightUITests.xctest */ = {isa = PBXFileReference; explicitFileType = wrapper.cfbundle; includeInIndex = 0; path = MovieNightUITests.xctest; sourceTree = BUILT_PRODUCTS_DIR; };
		D5F9ABA02A888AAA00C076CD /* MovieNightUITests.swift */ = {isa = PBXFileReference; lastKnownFileType = sourcecode.swift; path = MovieNightUITests.swift; sourceTree = "<group>"; };
		D5F9ABA22A888AAA00C076CD /* MovieNightUITestsLaunchTests.swift */ = {isa = PBXFileReference; lastKnownFileType = sourcecode.swift; path = MovieNightUITestsLaunchTests.swift; sourceTree = "<group>"; };
		D5F9ABAF2A888B2500C076CD /* NetworkManager.swift */ = {isa = PBXFileReference; lastKnownFileType = sourcecode.swift; path = NetworkManager.swift; sourceTree = "<group>"; };
/* End PBXFileReference section */

/* Begin PBXFrameworksBuildPhase section */
		D5F9AB7A2A888AA900C076CD /* Frameworks */ = {
			isa = PBXFrameworksBuildPhase;
			buildActionMask = 2147483647;
			files = (
				D51BF9112C936C94008690D0 /* SwiftUITrackableScrollView in Frameworks */,
				D51F796F2CDBCC1A008991BE /* SwiftUIIntrospect in Frameworks */,
			);
			runOnlyForDeploymentPostprocessing = 0;
		};
		D5F9AB8F2A888AAA00C076CD /* Frameworks */ = {
			isa = PBXFrameworksBuildPhase;
			buildActionMask = 2147483647;
			files = (
			);
			runOnlyForDeploymentPostprocessing = 0;
		};
		D5F9AB992A888AAA00C076CD /* Frameworks */ = {
			isa = PBXFrameworksBuildPhase;
			buildActionMask = 2147483647;
			files = (
			);
			runOnlyForDeploymentPostprocessing = 0;
		};
/* End PBXFrameworksBuildPhase section */

/* Begin PBXGroup section */
		D51BF9062C7E15AC008690D0 /* Prototypes */ = {
			isa = PBXGroup;
			children = (
				D51FA58F2BD185BC0063BBDA /* Social */,
				D5E71AE22BD1A68A0034D46B /* Onboarding */,
				D5BB89FD2D24B0980052058D /* ActionView.swift */,
				D5BB8A012D278D220052058D /* StatusViewV2.swift */,
				D51FD3302D0DED4500859D03 /* ReviewModalView.swift */,
				D5C811312B9528E4005E206C /* MarqueeLightFrameView.swift */,
				D531F2CC2D6A3303005B25D2 /* FlippablePosterView.swift */,
				D531F2CE2D6EB18B005B25D2 /* SeasonPosterView.swift */,
			);
			path = Prototypes;
			sourceTree = "<group>";
		};
		D51F796D2CDBCC1A008991BE /* Frameworks */ = {
			isa = PBXGroup;
			children = (
			);
			name = Frameworks;
			sourceTree = "<group>";
		};
		D51FA58F2BD185BC0063BBDA /* Social */ = {
			isa = PBXGroup;
			children = (
				D51FA5902BD185DA0063BBDA /* SocialScreen.swift */,
			);
			path = Social;
			sourceTree = "<group>";
		};
		D51FF6E32A943445007A3EA5 /* Models */ = {
			isa = PBXGroup;
			children = (
				D5E6920E2B37F47900466A34 /* SearchResponse.swift */,
				D5A8B5B62BA3952600369737 /* ActorResponse.swift */,
				D5A8B5B82BA3982C00369737 /* MovieResponse.swift */,
				D5A8B5BA2BA3989C00369737 /* TVShowResponse.swift */,
				D5D06EDC2B75D8D300548157 /* AdditionalDetailsMovie.swift */,
				D5F18D1F2BB0E6AB0067F719 /* AdditionalDetailsTVShow.swift */,
				D5EF682D2C44DA0A009A8435 /* UpcomingResponse.swift */,
				D5DDF4B22B58D35F003EE010 /* DetailViewRepresentable.swift */,
			);
			path = Models;
			sourceTree = "<group>";
		};
		D52CEBB52D2D853E006E4120 /* Util */ = {
			isa = PBXGroup;
			children = (
				D52CEBB62D2D854E006E4120 /* UIImage+Extensions.swift */,
			);
			path = Util;
			sourceTree = "<group>";
		};
		D56CC2612B353BCF00A14266 /* Endpoint */ = {
			isa = PBXGroup;
			children = (
				D56CC2622B353BF700A14266 /* EndpointProviding.swift */,
				D5E71AE42BD1AC1D0034D46B /* AWS */,
				D5E71AE32BD1AC0F0034D46B /* TMDB */,
			);
			path = Endpoint;
			sourceTree = "<group>";
		};
		D5BD0F172CAC4AB20030B684 /* Explore */ = {
			isa = PBXGroup;
			children = (
				D5EF68252C42EA7C009A8435 /* ExploreView.swift */,
			);
			path = Explore;
			sourceTree = "<group>";
		};
		D5D7B62B2AA69AE900BA6619 /* Network */ = {
			isa = PBXGroup;
			children = (
				D56CC2612B353BCF00A14266 /* Endpoint */,
				D5F9ABAF2A888B2500C076CD /* NetworkManager.swift */,
				D5D7B62E2AA69D8000BA6619 /* APIError.swift */,
				D5DDF4B02B58C234003EE010 /* APIKey.swift */,
				D5D06ED62B702E4200548157 /* LoadingState.swift */,
			);
			path = Network;
			sourceTree = "<group>";
		};
		D5E447912AEDF4540027A9CD /* Core Data */ = {
			isa = PBXGroup;
			children = (
				D536B3D32B4312F9001AB783 /* Movie.swift */,
				D536B3CE2B40CBAC001AB783 /* FilmContainer.xcdatamodeld */,
				D536B3D52B431619001AB783 /* MovieProvider.swift */,
			);
			path = "Core Data";
			sourceTree = "<group>";
		};
		D5E692122B3E6DA400466A34 /* App */ = {
			isa = PBXGroup;
			children = (
				D5F9AB802A888AA900C076CD /* MovieNightApp.swift */,
			);
			path = App;
			sourceTree = "<group>";
		};
		D5E692132B3E6F7B00466A34 /* Services */ = {
			isa = PBXGroup;
			children = (
				D52FD4F62B1D70E100386841 /* ImageLoader.swift */,
			);
			path = Services;
			sourceTree = "<group>";
		};
		D5E692142B3E6F9300466A34 /* UI */ = {
			isa = PBXGroup;
			children = (
				D5E692162B3E70BD00466A34 /* Components */,
				D51BF9062C7E15AC008690D0 /* Prototypes */,
			);
			path = UI;
			sourceTree = "<group>";
		};
		D5E692152B3E709D00466A34 /* Search */ = {
			isa = PBXGroup;
			children = (
				D5F9AB822A888AA900C076CD /* SearchScreen.swift */,
				D51BF90D2C935F27008690D0 /* PosterBackView.swift */,
				D51FF6E62A95B352007A3EA5 /* SearchViewModel.swift */,
				D5BB8A032D2792E70052058D /* ButtonsContainerView.swift */,
				D5BD0F172CAC4AB20030B684 /* Explore */,
			);
			path = Search;
			sourceTree = "<group>";
		};
		D5E692162B3E70BD00466A34 /* Components */ = {
			isa = PBXGroup;
			children = (
				D5D7B6252AA68CF700BA6619 /* TabBar.swift */,
				D5DBECE62BA22BE9006004D5 /* CustomSearchBar.swift */,
				D5E71AE52BD445F00034D46B /* AsyncButton.swift */,
				D54761112CBC82350047D6C9 /* MovieColors.swift */,
				D5EF68312C4760C4009A8435 /* FilmRow.swift */,
				D557D2BD2D0B8E1F0036B904 /* ThumbnailView.swift */,
				D5BD0F182CAC4AC40030B684 /* FilmDetailView.swift */,
				D531F2CA2D68E094005B25D2 /* BackgroundColorView.swift */,
			);
			path = Components;
			sourceTree = "<group>";
		};
		D5E692172B3E70C600466A34 /* Library */ = {
			isa = PBXGroup;
			children = (
				D5EF68212C322C4A009A8435 /* LibraryScreen.swift */,
				D531F2C82D657244005B25D2 /* CollectionDetailView.swift */,
				D52CEBBA2D307DF0006E4120 /* CollectionsView.swift */,
			);
			path = Library;
			sourceTree = "<group>";
		};
		D5E71AE22BD1A68A0034D46B /* Onboarding */ = {
			isa = PBXGroup;
			children = (
				D51FA58D2BCCC6D40063BBDA /* LandingPageScreen.swift */,
				D5E71AED2BE09BCB0034D46B /* CreateAccountScreen.swift */,
				D5E71AEF2BE09BD60034D46B /* LogInScreen.swift */,
			);
			path = Onboarding;
			sourceTree = "<group>";
		};
		D5E71AE32BD1AC0F0034D46B /* TMDB */ = {
			isa = PBXGroup;
			children = (
				D5E692102B3B63E800466A34 /* PosterEndpoint.swift */,
				D56CC2642B353D8500A14266 /* SearchEndpoint.swift */,
				D5D06ED22B70231B00548157 /* RecommendedEndpoint.swift */,
				D5D06EDA2B748BC500548157 /* CastEndpoint.swift */,
				D5D06EDE2B75E11C00548157 /* DetailsEndpoint.swift */,
				D5EF68272C44C614009A8435 /* TrendingEndpoint.swift */,
				D5EF68292C44D08E009A8435 /* UpcomingEndpoint.swift */,
			);
			path = TMDB;
			sourceTree = "<group>";
		};
		D5E71AE42BD1AC1D0034D46B /* AWS */ = {
			isa = PBXGroup;
			children = (
				D5E71AE72BD449130034D46B /* LoginEndpoint.swift */,
			);
			path = AWS;
			sourceTree = "<group>";
		};
		D5F9AB742A888AA900C076CD = {
			isa = PBXGroup;
			children = (
				D5F9AB7F2A888AA900C076CD /* MovieNight */,
				D5F9AB952A888AAA00C076CD /* MovieNightTests */,
				D5F9AB9F2A888AAA00C076CD /* MovieNightUITests */,
				D51F796D2CDBCC1A008991BE /* Frameworks */,
				D5F9AB7E2A888AA900C076CD /* Products */,
			);
			sourceTree = "<group>";
		};
		D5F9AB7E2A888AA900C076CD /* Products */ = {
			isa = PBXGroup;
			children = (
				D5F9AB7D2A888AA900C076CD /* MovieNight.app */,
				D5F9AB922A888AAA00C076CD /* MovieNightTests.xctest */,
				D5F9AB9C2A888AAA00C076CD /* MovieNightUITests.xctest */,
			);
			name = Products;
			sourceTree = "<group>";
		};
		D5F9AB7F2A888AA900C076CD /* MovieNight */ = {
			isa = PBXGroup;
			children = (
				D52CEBB52D2D853E006E4120 /* Util */,
				D5E692122B3E6DA400466A34 /* App */,
				D5E692132B3E6F7B00466A34 /* Services */,
				D51FF6E32A943445007A3EA5 /* Models */,
				D5D7B62B2AA69AE900BA6619 /* Network */,
				D5E692152B3E709D00466A34 /* Search */,
				D5E692172B3E70C600466A34 /* Library */,
				D5E692142B3E6F9300466A34 /* UI */,
				D5E447912AEDF4540027A9CD /* Core Data */,
				D5F9AB842A888AAA00C076CD /* Assets.xcassets */,
				D5F9AB862A888AAA00C076CD /* Preview Content */,
			);
			path = MovieNight;
			sourceTree = "<group>";
		};
		D5F9AB862A888AAA00C076CD /* Preview Content */ = {
			isa = PBXGroup;
			children = (
				D5F9AB872A888AAA00C076CD /* Preview Assets.xcassets */,
			);
			path = "Preview Content";
			sourceTree = "<group>";
		};
		D5F9AB952A888AAA00C076CD /* MovieNightTests */ = {
			isa = PBXGroup;
			children = (
				D5F9AB962A888AAA00C076CD /* MovieNightTests.swift */,
				D5D7B6292AA6931100BA6619 /* LeetCode.swift */,
			);
			path = MovieNightTests;
			sourceTree = "<group>";
		};
		D5F9AB9F2A888AAA00C076CD /* MovieNightUITests */ = {
			isa = PBXGroup;
			children = (
				D5F9ABA02A888AAA00C076CD /* MovieNightUITests.swift */,
				D5F9ABA22A888AAA00C076CD /* MovieNightUITestsLaunchTests.swift */,
			);
			path = MovieNightUITests;
			sourceTree = "<group>";
		};
/* End PBXGroup section */

/* Begin PBXNativeTarget section */
		D5F9AB7C2A888AA900C076CD /* MovieNight */ = {
			isa = PBXNativeTarget;
			buildConfigurationList = D5F9ABA62A888AAA00C076CD /* Build configuration list for PBXNativeTarget "MovieNight" */;
			buildPhases = (
				D5F9AB792A888AA900C076CD /* Sources */,
				D5F9AB7A2A888AA900C076CD /* Frameworks */,
				D5F9AB7B2A888AA900C076CD /* Resources */,
			);
			buildRules = (
			);
			dependencies = (
			);
			name = MovieNight;
			packageProductDependencies = (
				D51BF9102C936C94008690D0 /* SwiftUITrackableScrollView */,
				D51F796E2CDBCC1A008991BE /* SwiftUIIntrospect */,
			);
			productName = MovieNight;
			productReference = D5F9AB7D2A888AA900C076CD /* MovieNight.app */;
			productType = "com.apple.product-type.application";
		};
		D5F9AB912A888AAA00C076CD /* MovieNightTests */ = {
			isa = PBXNativeTarget;
			buildConfigurationList = D5F9ABA92A888AAA00C076CD /* Build configuration list for PBXNativeTarget "MovieNightTests" */;
			buildPhases = (
				D5F9AB8E2A888AAA00C076CD /* Sources */,
				D5F9AB8F2A888AAA00C076CD /* Frameworks */,
				D5F9AB902A888AAA00C076CD /* Resources */,
			);
			buildRules = (
			);
			dependencies = (
				D5F9AB942A888AAA00C076CD /* PBXTargetDependency */,
			);
			name = MovieNightTests;
			productName = MovieNightTests;
			productReference = D5F9AB922A888AAA00C076CD /* MovieNightTests.xctest */;
			productType = "com.apple.product-type.bundle.unit-test";
		};
		D5F9AB9B2A888AAA00C076CD /* MovieNightUITests */ = {
			isa = PBXNativeTarget;
			buildConfigurationList = D5F9ABAC2A888AAA00C076CD /* Build configuration list for PBXNativeTarget "MovieNightUITests" */;
			buildPhases = (
				D5F9AB982A888AAA00C076CD /* Sources */,
				D5F9AB992A888AAA00C076CD /* Frameworks */,
				D5F9AB9A2A888AAA00C076CD /* Resources */,
			);
			buildRules = (
			);
			dependencies = (
				D5F9AB9E2A888AAA00C076CD /* PBXTargetDependency */,
			);
			name = MovieNightUITests;
			productName = MovieNightUITests;
			productReference = D5F9AB9C2A888AAA00C076CD /* MovieNightUITests.xctest */;
			productType = "com.apple.product-type.bundle.ui-testing";
		};
/* End PBXNativeTarget section */

/* Begin PBXProject section */
		D5F9AB752A888AA900C076CD /* Project object */ = {
			isa = PBXProject;
			attributes = {
				BuildIndependentTargetsInParallel = 1;
				LastSwiftUpdateCheck = 1430;
				LastUpgradeCheck = 1430;
				TargetAttributes = {
					D5F9AB7C2A888AA900C076CD = {
						CreatedOnToolsVersion = 14.3.1;
					};
					D5F9AB912A888AAA00C076CD = {
						CreatedOnToolsVersion = 14.3.1;
						TestTargetID = D5F9AB7C2A888AA900C076CD;
					};
					D5F9AB9B2A888AAA00C076CD = {
						CreatedOnToolsVersion = 14.3.1;
						TestTargetID = D5F9AB7C2A888AA900C076CD;
					};
				};
			};
			buildConfigurationList = D5F9AB782A888AA900C076CD /* Build configuration list for PBXProject "MovieNight" */;
			compatibilityVersion = "Xcode 14.0";
			developmentRegion = en;
			hasScannedForEncodings = 0;
			knownRegions = (
				en,
				Base,
			);
			mainGroup = D5F9AB742A888AA900C076CD;
			packageReferences = (
				D51BF90F2C936C94008690D0 /* XCRemoteSwiftPackageReference "trackable-scroll-view" */,
				D51F796C2CDBCBE7008991BE /* XCRemoteSwiftPackageReference "SwiftUI-Introspect" */,
			);
			productRefGroup = D5F9AB7E2A888AA900C076CD /* Products */;
			projectDirPath = "";
			projectRoot = "";
			targets = (
				D5F9AB7C2A888AA900C076CD /* MovieNight */,
				D5F9AB912A888AAA00C076CD /* MovieNightTests */,
				D5F9AB9B2A888AAA00C076CD /* MovieNightUITests */,
			);
		};
/* End PBXProject section */

/* Begin PBXResourcesBuildPhase section */
		D5F9AB7B2A888AA900C076CD /* Resources */ = {
			isa = PBXResourcesBuildPhase;
			buildActionMask = 2147483647;
			files = (
				D5F9AB882A888AAA00C076CD /* Preview Assets.xcassets in Resources */,
				D5F9AB852A888AAA00C076CD /* Assets.xcassets in Resources */,
			);
			runOnlyForDeploymentPostprocessing = 0;
		};
		D5F9AB902A888AAA00C076CD /* Resources */ = {
			isa = PBXResourcesBuildPhase;
			buildActionMask = 2147483647;
			files = (
			);
			runOnlyForDeploymentPostprocessing = 0;
		};
		D5F9AB9A2A888AAA00C076CD /* Resources */ = {
			isa = PBXResourcesBuildPhase;
			buildActionMask = 2147483647;
			files = (
			);
			runOnlyForDeploymentPostprocessing = 0;
		};
/* End PBXResourcesBuildPhase section */

/* Begin PBXSourcesBuildPhase section */
		D5F9AB792A888AA900C076CD /* Sources */ = {
			isa = PBXSourcesBuildPhase;
			buildActionMask = 2147483647;
			files = (
				D5EF682E2C44DA0A009A8435 /* UpcomingResponse.swift in Sources */,
				D5EF68322C4760C4009A8435 /* FilmRow.swift in Sources */,
				D531F2CB2D68E094005B25D2 /* BackgroundColorView.swift in Sources */,
				D52FD4F72B1D70E100386841 /* ImageLoader.swift in Sources */,
				D5BB8A042D2792E70052058D /* ButtonsContainerView.swift in Sources */,
				D5DBECE72BA22BE9006004D5 /* CustomSearchBar.swift in Sources */,
				D5DDF4B12B58C234003EE010 /* APIKey.swift in Sources */,
				D5F18D202BB0E6AB0067F719 /* AdditionalDetailsTVShow.swift in Sources */,
				D51BF90E2C935F27008690D0 /* PosterBackView.swift in Sources */,
				D5D06EDB2B748BC500548157 /* CastEndpoint.swift in Sources */,
				D5F9AB832A888AA900C076CD /* SearchScreen.swift in Sources */,
				D536B3D42B4312F9001AB783 /* Movie.swift in Sources */,
				D5E71AEE2BE09BCB0034D46B /* CreateAccountScreen.swift in Sources */,
				D536B3D62B431619001AB783 /* MovieProvider.swift in Sources */,
				D5EF682A2C44D08E009A8435 /* UpcomingEndpoint.swift in Sources */,
				D5E71AE82BD449130034D46B /* LoginEndpoint.swift in Sources */,
				D531F2CF2D6EB18B005B25D2 /* SeasonPosterView.swift in Sources */,
				D5F9ABB02A888B2500C076CD /* NetworkManager.swift in Sources */,
				D5E692112B3B63E800466A34 /* PosterEndpoint.swift in Sources */,
				D56CC2632B353BF700A14266 /* EndpointProviding.swift in Sources */,
				D557D2BE2D0B8E1F0036B904 /* ThumbnailView.swift in Sources */,
				D5EF68282C44C614009A8435 /* TrendingEndpoint.swift in Sources */,
				D5BB8A022D278D220052058D /* StatusViewV2.swift in Sources */,
				D5BB89FE2D24B0980052058D /* ActionView.swift in Sources */,
				D52CEBB72D2D854E006E4120 /* UIImage+Extensions.swift in Sources */,
				D5D06ED72B702E4200548157 /* LoadingState.swift in Sources */,
				D51FA5912BD185DA0063BBDA /* SocialScreen.swift in Sources */,
				D51FF6E72A95B352007A3EA5 /* SearchViewModel.swift in Sources */,
				D5EF68222C322C4A009A8435 /* LibraryScreen.swift in Sources */,
				D5A8B5BB2BA3989C00369737 /* TVShowResponse.swift in Sources */,
				D5E6920F2B37F47900466A34 /* SearchResponse.swift in Sources */,
				D5DDF4B32B58D35F003EE010 /* DetailViewRepresentable.swift in Sources */,
				D5D06EDD2B75D8D300548157 /* AdditionalDetailsMovie.swift in Sources */,
				D52CEBBB2D307DF0006E4120 /* CollectionsView.swift in Sources */,
				D5C811322B9528E4005E206C /* MarqueeLightFrameView.swift in Sources */,
				D51FA58E2BCCC6D40063BBDA /* LandingPageScreen.swift in Sources */,
				D5E71AF02BE09BD60034D46B /* LogInScreen.swift in Sources */,
				D531F2CD2D6A3303005B25D2 /* FlippablePosterView.swift in Sources */,
				D5EF68262C42EA7C009A8435 /* ExploreView.swift in Sources */,
				D5D06EDF2B75E11C00548157 /* DetailsEndpoint.swift in Sources */,
				D5D7B6262AA68CF700BA6619 /* TabBar.swift in Sources */,
				D5A8B5B72BA3952600369737 /* ActorResponse.swift in Sources */,
				D536B3D02B40CBAC001AB783 /* FilmContainer.xcdatamodeld in Sources */,
				D5D06ED32B70231B00548157 /* RecommendedEndpoint.swift in Sources */,
				D51FD3312D0DED4500859D03 /* ReviewModalView.swift in Sources */,
				D56CC2652B353D8500A14266 /* SearchEndpoint.swift in Sources */,
				D5A8B5B92BA3982C00369737 /* MovieResponse.swift in Sources */,
				D5BD0F192CAC4AC40030B684 /* FilmDetailView.swift in Sources */,
				D5F9AB812A888AA900C076CD /* MovieNightApp.swift in Sources */,
				D5E71AE62BD445F00034D46B /* AsyncButton.swift in Sources */,
				D531F2C92D657244005B25D2 /* CollectionDetailView.swift in Sources */,
				D5D7B62F2AA69D8000BA6619 /* APIError.swift in Sources */,
				D54761122CBC82350047D6C9 /* MovieColors.swift in Sources */,
			);
			runOnlyForDeploymentPostprocessing = 0;
		};
		D5F9AB8E2A888AAA00C076CD /* Sources */ = {
			isa = PBXSourcesBuildPhase;
			buildActionMask = 2147483647;
			files = (
				D5D7B62A2AA6931100BA6619 /* LeetCode.swift in Sources */,
				D5F9AB972A888AAA00C076CD /* MovieNightTests.swift in Sources */,
			);
			runOnlyForDeploymentPostprocessing = 0;
		};
		D5F9AB982A888AAA00C076CD /* Sources */ = {
			isa = PBXSourcesBuildPhase;
			buildActionMask = 2147483647;
			files = (
				D5F9ABA32A888AAA00C076CD /* MovieNightUITestsLaunchTests.swift in Sources */,
				D5F9ABA12A888AAA00C076CD /* MovieNightUITests.swift in Sources */,
			);
			runOnlyForDeploymentPostprocessing = 0;
		};
/* End PBXSourcesBuildPhase section */

/* Begin PBXTargetDependency section */
		D5F9AB942A888AAA00C076CD /* PBXTargetDependency */ = {
			isa = PBXTargetDependency;
			target = D5F9AB7C2A888AA900C076CD /* MovieNight */;
			targetProxy = D5F9AB932A888AAA00C076CD /* PBXContainerItemProxy */;
		};
		D5F9AB9E2A888AAA00C076CD /* PBXTargetDependency */ = {
			isa = PBXTargetDependency;
			target = D5F9AB7C2A888AA900C076CD /* MovieNight */;
			targetProxy = D5F9AB9D2A888AAA00C076CD /* PBXContainerItemProxy */;
		};
/* End PBXTargetDependency section */

/* Begin XCBuildConfiguration section */
		D5F9ABA42A888AAA00C076CD /* Debug */ = {
			isa = XCBuildConfiguration;
			buildSettings = {
				ALWAYS_SEARCH_USER_PATHS = NO;
				CLANG_ANALYZER_NONNULL = YES;
				CLANG_ANALYZER_NUMBER_OBJECT_CONVERSION = YES_AGGRESSIVE;
				CLANG_CXX_LANGUAGE_STANDARD = "gnu++20";
				CLANG_ENABLE_MODULES = YES;
				CLANG_ENABLE_OBJC_ARC = YES;
				CLANG_ENABLE_OBJC_WEAK = YES;
				CLANG_WARN_BLOCK_CAPTURE_AUTORELEASING = YES;
				CLANG_WARN_BOOL_CONVERSION = YES;
				CLANG_WARN_COMMA = YES;
				CLANG_WARN_CONSTANT_CONVERSION = YES;
				CLANG_WARN_DEPRECATED_OBJC_IMPLEMENTATIONS = YES;
				CLANG_WARN_DIRECT_OBJC_ISA_USAGE = YES_ERROR;
				CLANG_WARN_DOCUMENTATION_COMMENTS = YES;
				CLANG_WARN_EMPTY_BODY = YES;
				CLANG_WARN_ENUM_CONVERSION = YES;
				CLANG_WARN_INFINITE_RECURSION = YES;
				CLANG_WARN_INT_CONVERSION = YES;
				CLANG_WARN_NON_LITERAL_NULL_CONVERSION = YES;
				CLANG_WARN_OBJC_IMPLICIT_RETAIN_SELF = YES;
				CLANG_WARN_OBJC_LITERAL_CONVERSION = YES;
				CLANG_WARN_OBJC_ROOT_CLASS = YES_ERROR;
				CLANG_WARN_QUOTED_INCLUDE_IN_FRAMEWORK_HEADER = YES;
				CLANG_WARN_RANGE_LOOP_ANALYSIS = YES;
				CLANG_WARN_STRICT_PROTOTYPES = YES;
				CLANG_WARN_SUSPICIOUS_MOVE = YES;
				CLANG_WARN_UNGUARDED_AVAILABILITY = YES_AGGRESSIVE;
				CLANG_WARN_UNREACHABLE_CODE = YES;
				CLANG_WARN__DUPLICATE_METHOD_MATCH = YES;
				COPY_PHASE_STRIP = NO;
				DEBUG_INFORMATION_FORMAT = dwarf;
				ENABLE_STRICT_OBJC_MSGSEND = YES;
				ENABLE_TESTABILITY = YES;
				GCC_C_LANGUAGE_STANDARD = gnu11;
				GCC_DYNAMIC_NO_PIC = NO;
				GCC_NO_COMMON_BLOCKS = YES;
				GCC_OPTIMIZATION_LEVEL = 0;
				GCC_PREPROCESSOR_DEFINITIONS = (
					"DEBUG=1",
					"$(inherited)",
				);
				GCC_WARN_64_TO_32_BIT_CONVERSION = YES;
				GCC_WARN_ABOUT_RETURN_TYPE = YES_ERROR;
				GCC_WARN_UNDECLARED_SELECTOR = YES;
				GCC_WARN_UNINITIALIZED_AUTOS = YES_AGGRESSIVE;
				GCC_WARN_UNUSED_FUNCTION = YES;
				GCC_WARN_UNUSED_VARIABLE = YES;
				IPHONEOS_DEPLOYMENT_TARGET = 17.0;
				MTL_ENABLE_DEBUG_INFO = INCLUDE_SOURCE;
				MTL_FAST_MATH = YES;
				ONLY_ACTIVE_ARCH = YES;
				SDKROOT = iphoneos;
				SWIFT_ACTIVE_COMPILATION_CONDITIONS = DEBUG;
				SWIFT_OPTIMIZATION_LEVEL = "-Onone";
			};
			name = Debug;
		};
		D5F9ABA52A888AAA00C076CD /* Release */ = {
			isa = XCBuildConfiguration;
			buildSettings = {
				ALWAYS_SEARCH_USER_PATHS = NO;
				CLANG_ANALYZER_NONNULL = YES;
				CLANG_ANALYZER_NUMBER_OBJECT_CONVERSION = YES_AGGRESSIVE;
				CLANG_CXX_LANGUAGE_STANDARD = "gnu++20";
				CLANG_ENABLE_MODULES = YES;
				CLANG_ENABLE_OBJC_ARC = YES;
				CLANG_ENABLE_OBJC_WEAK = YES;
				CLANG_WARN_BLOCK_CAPTURE_AUTORELEASING = YES;
				CLANG_WARN_BOOL_CONVERSION = YES;
				CLANG_WARN_COMMA = YES;
				CLANG_WARN_CONSTANT_CONVERSION = YES;
				CLANG_WARN_DEPRECATED_OBJC_IMPLEMENTATIONS = YES;
				CLANG_WARN_DIRECT_OBJC_ISA_USAGE = YES_ERROR;
				CLANG_WARN_DOCUMENTATION_COMMENTS = YES;
				CLANG_WARN_EMPTY_BODY = YES;
				CLANG_WARN_ENUM_CONVERSION = YES;
				CLANG_WARN_INFINITE_RECURSION = YES;
				CLANG_WARN_INT_CONVERSION = YES;
				CLANG_WARN_NON_LITERAL_NULL_CONVERSION = YES;
				CLANG_WARN_OBJC_IMPLICIT_RETAIN_SELF = YES;
				CLANG_WARN_OBJC_LITERAL_CONVERSION = YES;
				CLANG_WARN_OBJC_ROOT_CLASS = YES_ERROR;
				CLANG_WARN_QUOTED_INCLUDE_IN_FRAMEWORK_HEADER = YES;
				CLANG_WARN_RANGE_LOOP_ANALYSIS = YES;
				CLANG_WARN_STRICT_PROTOTYPES = YES;
				CLANG_WARN_SUSPICIOUS_MOVE = YES;
				CLANG_WARN_UNGUARDED_AVAILABILITY = YES_AGGRESSIVE;
				CLANG_WARN_UNREACHABLE_CODE = YES;
				CLANG_WARN__DUPLICATE_METHOD_MATCH = YES;
				COPY_PHASE_STRIP = NO;
				DEBUG_INFORMATION_FORMAT = "dwarf-with-dsym";
				ENABLE_NS_ASSERTIONS = NO;
				ENABLE_STRICT_OBJC_MSGSEND = YES;
				GCC_C_LANGUAGE_STANDARD = gnu11;
				GCC_NO_COMMON_BLOCKS = YES;
				GCC_WARN_64_TO_32_BIT_CONVERSION = YES;
				GCC_WARN_ABOUT_RETURN_TYPE = YES_ERROR;
				GCC_WARN_UNDECLARED_SELECTOR = YES;
				GCC_WARN_UNINITIALIZED_AUTOS = YES_AGGRESSIVE;
				GCC_WARN_UNUSED_FUNCTION = YES;
				GCC_WARN_UNUSED_VARIABLE = YES;
				IPHONEOS_DEPLOYMENT_TARGET = 17.0;
				MTL_ENABLE_DEBUG_INFO = NO;
				MTL_FAST_MATH = YES;
				SDKROOT = iphoneos;
				SWIFT_COMPILATION_MODE = wholemodule;
				SWIFT_OPTIMIZATION_LEVEL = "-O";
				VALIDATE_PRODUCT = YES;
			};
			name = Release;
		};
		D5F9ABA72A888AAA00C076CD /* Debug */ = {
			isa = XCBuildConfiguration;
			buildSettings = {
				ASSETCATALOG_COMPILER_APPICON_NAME = AppIcon;
				ASSETCATALOG_COMPILER_GLOBAL_ACCENT_COLOR_NAME = AccentColor;
				CODE_SIGN_STYLE = Automatic;
				CURRENT_PROJECT_VERSION = 1;
				DEVELOPMENT_ASSET_PATHS = "\"MovieNight/Preview Content\"";
				DEVELOPMENT_TEAM = 98G68BQFCS;
				ENABLE_PREVIEWS = YES;
				GENERATE_INFOPLIST_FILE = YES;
				INFOPLIST_KEY_UIApplicationSceneManifest_Generation = YES;
				INFOPLIST_KEY_UIApplicationSupportsIndirectInputEvents = YES;
				INFOPLIST_KEY_UILaunchScreen_Generation = YES;
				INFOPLIST_KEY_UISupportedInterfaceOrientations_iPad = "UIInterfaceOrientationPortrait UIInterfaceOrientationPortraitUpsideDown UIInterfaceOrientationLandscapeLeft UIInterfaceOrientationLandscapeRight";
				INFOPLIST_KEY_UISupportedInterfaceOrientations_iPhone = "UIInterfaceOrientationPortrait UIInterfaceOrientationLandscapeLeft UIInterfaceOrientationLandscapeRight";
				IPHONEOS_DEPLOYMENT_TARGET = 17.0;
				LD_RUNPATH_SEARCH_PATHS = (
					"$(inherited)",
					"@executable_path/Frameworks",
				);
				MARKETING_VERSION = 1.0;
				PRODUCT_BUNDLE_IDENTIFIER = com.hunterboone.MovieNight;
				PRODUCT_NAME = "$(TARGET_NAME)";
				SWIFT_EMIT_LOC_STRINGS = YES;
				SWIFT_VERSION = 5.0;
				TARGETED_DEVICE_FAMILY = "1,2";
			};
			name = Debug;
		};
		D5F9ABA82A888AAA00C076CD /* Release */ = {
			isa = XCBuildConfiguration;
			buildSettings = {
				ASSETCATALOG_COMPILER_APPICON_NAME = AppIcon;
				ASSETCATALOG_COMPILER_GLOBAL_ACCENT_COLOR_NAME = AccentColor;
				CODE_SIGN_STYLE = Automatic;
				CURRENT_PROJECT_VERSION = 1;
				DEVELOPMENT_ASSET_PATHS = "\"MovieNight/Preview Content\"";
				DEVELOPMENT_TEAM = 98G68BQFCS;
				ENABLE_PREVIEWS = YES;
				GENERATE_INFOPLIST_FILE = YES;
				INFOPLIST_KEY_UIApplicationSceneManifest_Generation = YES;
				INFOPLIST_KEY_UIApplicationSupportsIndirectInputEvents = YES;
				INFOPLIST_KEY_UILaunchScreen_Generation = YES;
				INFOPLIST_KEY_UISupportedInterfaceOrientations_iPad = "UIInterfaceOrientationPortrait UIInterfaceOrientationPortraitUpsideDown UIInterfaceOrientationLandscapeLeft UIInterfaceOrientationLandscapeRight";
				INFOPLIST_KEY_UISupportedInterfaceOrientations_iPhone = "UIInterfaceOrientationPortrait UIInterfaceOrientationLandscapeLeft UIInterfaceOrientationLandscapeRight";
				IPHONEOS_DEPLOYMENT_TARGET = 17.0;
				LD_RUNPATH_SEARCH_PATHS = (
					"$(inherited)",
					"@executable_path/Frameworks",
				);
				MARKETING_VERSION = 1.0;
				PRODUCT_BUNDLE_IDENTIFIER = com.hunterboone.MovieNight;
				PRODUCT_NAME = "$(TARGET_NAME)";
				SWIFT_ACTIVE_COMPILATION_CONDITIONS = RELEASE;
				SWIFT_EMIT_LOC_STRINGS = YES;
				SWIFT_VERSION = 5.0;
				TARGETED_DEVICE_FAMILY = "1,2";
			};
			name = Release;
		};
		D5F9ABAA2A888AAA00C076CD /* Debug */ = {
			isa = XCBuildConfiguration;
			buildSettings = {
				ALWAYS_EMBED_SWIFT_STANDARD_LIBRARIES = YES;
				BUNDLE_LOADER = "$(TEST_HOST)";
				CODE_SIGN_STYLE = Automatic;
				CURRENT_PROJECT_VERSION = 1;
				DEVELOPMENT_TEAM = 98G68BQFCS;
				GENERATE_INFOPLIST_FILE = YES;
				IPHONEOS_DEPLOYMENT_TARGET = 17.0;
				MARKETING_VERSION = 1.0;
				PRODUCT_BUNDLE_IDENTIFIER = com.hunterboone.MovieNightTests;
				PRODUCT_NAME = "$(TARGET_NAME)";
				SWIFT_EMIT_LOC_STRINGS = NO;
				SWIFT_VERSION = 5.0;
				TARGETED_DEVICE_FAMILY = "1,2";
				TEST_HOST = "$(BUILT_PRODUCTS_DIR)/MovieNight.app/$(BUNDLE_EXECUTABLE_FOLDER_PATH)/MovieNight";
			};
			name = Debug;
		};
		D5F9ABAB2A888AAA00C076CD /* Release */ = {
			isa = XCBuildConfiguration;
			buildSettings = {
				ALWAYS_EMBED_SWIFT_STANDARD_LIBRARIES = YES;
				BUNDLE_LOADER = "$(TEST_HOST)";
				CODE_SIGN_STYLE = Automatic;
				CURRENT_PROJECT_VERSION = 1;
				DEVELOPMENT_TEAM = 98G68BQFCS;
				GENERATE_INFOPLIST_FILE = YES;
				IPHONEOS_DEPLOYMENT_TARGET = 17.0;
				MARKETING_VERSION = 1.0;
				PRODUCT_BUNDLE_IDENTIFIER = com.hunterboone.MovieNightTests;
				PRODUCT_NAME = "$(TARGET_NAME)";
				SWIFT_EMIT_LOC_STRINGS = NO;
				SWIFT_VERSION = 5.0;
				TARGETED_DEVICE_FAMILY = "1,2";
				TEST_HOST = "$(BUILT_PRODUCTS_DIR)/MovieNight.app/$(BUNDLE_EXECUTABLE_FOLDER_PATH)/MovieNight";
			};
			name = Release;
		};
		D5F9ABAD2A888AAA00C076CD /* Debug */ = {
			isa = XCBuildConfiguration;
			buildSettings = {
				ALWAYS_EMBED_SWIFT_STANDARD_LIBRARIES = YES;
				CODE_SIGN_STYLE = Automatic;
				CURRENT_PROJECT_VERSION = 1;
				DEVELOPMENT_TEAM = 98G68BQFCS;
				GENERATE_INFOPLIST_FILE = YES;
				MARKETING_VERSION = 1.0;
				PRODUCT_BUNDLE_IDENTIFIER = com.hunterboone.MovieNightUITests;
				PRODUCT_NAME = "$(TARGET_NAME)";
				SWIFT_EMIT_LOC_STRINGS = NO;
				SWIFT_VERSION = 5.0;
				TARGETED_DEVICE_FAMILY = "1,2";
				TEST_TARGET_NAME = MovieNight;
			};
			name = Debug;
		};
		D5F9ABAE2A888AAA00C076CD /* Release */ = {
			isa = XCBuildConfiguration;
			buildSettings = {
				ALWAYS_EMBED_SWIFT_STANDARD_LIBRARIES = YES;
				CODE_SIGN_STYLE = Automatic;
				CURRENT_PROJECT_VERSION = 1;
				DEVELOPMENT_TEAM = 98G68BQFCS;
				GENERATE_INFOPLIST_FILE = YES;
				MARKETING_VERSION = 1.0;
				PRODUCT_BUNDLE_IDENTIFIER = com.hunterboone.MovieNightUITests;
				PRODUCT_NAME = "$(TARGET_NAME)";
				SWIFT_EMIT_LOC_STRINGS = NO;
				SWIFT_VERSION = 5.0;
				TARGETED_DEVICE_FAMILY = "1,2";
				TEST_TARGET_NAME = MovieNight;
			};
			name = Release;
		};
/* End XCBuildConfiguration section */

/* Begin XCConfigurationList section */
		D5F9AB782A888AA900C076CD /* Build configuration list for PBXProject "MovieNight" */ = {
			isa = XCConfigurationList;
			buildConfigurations = (
				D5F9ABA42A888AAA00C076CD /* Debug */,
				D5F9ABA52A888AAA00C076CD /* Release */,
			);
			defaultConfigurationIsVisible = 0;
			defaultConfigurationName = Release;
		};
		D5F9ABA62A888AAA00C076CD /* Build configuration list for PBXNativeTarget "MovieNight" */ = {
			isa = XCConfigurationList;
			buildConfigurations = (
				D5F9ABA72A888AAA00C076CD /* Debug */,
				D5F9ABA82A888AAA00C076CD /* Release */,
			);
			defaultConfigurationIsVisible = 0;
			defaultConfigurationName = Release;
		};
		D5F9ABA92A888AAA00C076CD /* Build configuration list for PBXNativeTarget "MovieNightTests" */ = {
			isa = XCConfigurationList;
			buildConfigurations = (
				D5F9ABAA2A888AAA00C076CD /* Debug */,
				D5F9ABAB2A888AAA00C076CD /* Release */,
			);
			defaultConfigurationIsVisible = 0;
			defaultConfigurationName = Release;
		};
		D5F9ABAC2A888AAA00C076CD /* Build configuration list for PBXNativeTarget "MovieNightUITests" */ = {
			isa = XCConfigurationList;
			buildConfigurations = (
				D5F9ABAD2A888AAA00C076CD /* Debug */,
				D5F9ABAE2A888AAA00C076CD /* Release */,
			);
			defaultConfigurationIsVisible = 0;
			defaultConfigurationName = Release;
		};
/* End XCConfigurationList section */

/* Begin XCRemoteSwiftPackageReference section */
		D51BF90F2C936C94008690D0 /* XCRemoteSwiftPackageReference "trackable-scroll-view" */ = {
			isa = XCRemoteSwiftPackageReference;
			repositoryURL = "https://github.com/maxnatchanon/trackable-scroll-view.git";
			requirement = {
				branch = master;
				kind = branch;
			};
		};
		D51F796C2CDBCBE7008991BE /* XCRemoteSwiftPackageReference "SwiftUI-Introspect" */ = {
			isa = XCRemoteSwiftPackageReference;
			repositoryURL = "https://github.com/siteline/SwiftUI-Introspect";
			requirement = {
				kind = upToNextMajorVersion;
				minimumVersion = 1.3.0;
			};
		};
/* End XCRemoteSwiftPackageReference section */

/* Begin XCSwiftPackageProductDependency section */
		D51BF9102C936C94008690D0 /* SwiftUITrackableScrollView */ = {
			isa = XCSwiftPackageProductDependency;
			package = D51BF90F2C936C94008690D0 /* XCRemoteSwiftPackageReference "trackable-scroll-view" */;
			productName = SwiftUITrackableScrollView;
		};
		D51F796E2CDBCC1A008991BE /* SwiftUIIntrospect */ = {
			isa = XCSwiftPackageProductDependency;
			package = D51F796C2CDBCBE7008991BE /* XCRemoteSwiftPackageReference "SwiftUI-Introspect" */;
			productName = SwiftUIIntrospect;
		};
/* End XCSwiftPackageProductDependency section */

/* Begin XCVersionGroup section */
		D536B3CE2B40CBAC001AB783 /* FilmContainer.xcdatamodeld */ = {
			isa = XCVersionGroup;
			children = (
				D536B3CF2B40CBAC001AB783 /* FilmContainer.xcdatamodel */,
			);
			currentVersion = D536B3CF2B40CBAC001AB783 /* FilmContainer.xcdatamodel */;
			path = FilmContainer.xcdatamodeld;
			sourceTree = "<group>";
			versionGroupType = wrapper.xcdatamodel;
		};
/* End XCVersionGroup section */
	};
	rootObject = D5F9AB752A888AA900C076CD /* Project object */;
}
